
Microsoft Visual Studio Solution File, Format Version 12.00
# Visual Studio 15
Project("{FAE04EC0-301F-11D3-BF4B-00C04F79EFBC}") = "dlock", "dlock\dlock.csproj", "{6FC79F16-B1F6-4CA4-A869-36A9E9B47F96}"
EndProject
Project("{FAE04EC0-301F-11D3-BF4B-00C04F79EFBC}") = "dlock.console", "dlock.console\dlock.console.csproj", "{39590D93-35A3-4D4A-9A73-3357C595369B}"
EndProject
Global
	GlobalSection(SolutionConfigurationPlatforms) = preSolution
		Debug|Any CPU = Debug|Any CPU
		Release|Any CPU = Release|Any CPU
	EndGlobalSection
	GlobalSection(ProjectConfigurationPlatforms) = postSolution
		{6FC79F16-B1F6-4CA4-A869-36A9E9B47F96}.Debug|Any CPU.ActiveCfg = Debug|Any CPU
		{6FC79F16-B1F6-4CA4-A869-36A9E9B47F96}.Debug|Any CPU.Build.0 = Debug|Any CPU
		{6FC79F16-B1F6-4CA4-A869-36A9E9B47F96}.Release|Any CPU.ActiveCfg = Release|Any CPU
		{6FC79F16-B1F6-4CA4-A869-36A9E9B47F96}.Release|Any CPU.Build.0 = Release|Any CPU
		{39590D93-35A3-4D4A-9A73-3357C595369B}.Debug|Any CPU.ActiveCfg = Debug|Any CPU
		{39590D93-35A3-4D4A-9A73-3357C595369B}.Debug|Any CPU.Build.0 = Debug|Any CPU
		{39590D93-35A3-4D4A-9A73-3357C595369B}.Release|Any CPU.ActiveCfg = Release|Any CPU
		{39590D93-35A3-4D4A-9A73-3357C595369B}.Release|Any CPU.Build.0 = Release|Any CPU
	EndGlobalSection
EndGlobal
